
Microsoft Visual Studio Solution File, Format Version 12.00
# Visual Studio Version 17
VisualStudioVersion = 17.8.34316.72
MinimumVisualStudioVersion = 10.0.40219.1
Project("{FAE04EC0-301F-11D3-BF4B-00C04F79EFBC}") = "ProyectoDAM", "ProyectoDAM\ProyectoDAM.csproj", "{EE5E2EBE-4D8B-497F-A114-CD0306B89CB0}"
EndProject
Global
	GlobalSection(SolutionConfigurationPlatforms) = preSolution
		Debug|Any CPU = Debug|Any CPU
		Release|Any CPU = Release|Any CPU
	EndGlobalSection
	GlobalSection(ProjectConfigurationPlatforms) = postSolution
		{EE5E2EBE-4D8B-497F-A114-CD0306B89CB0}.Debug|Any CPU.ActiveCfg = Debug|Any CPU
		{EE5E2EBE-4D8B-497F-A114-CD0306B89CB0}.Debug|Any CPU.Build.0 = Debug|Any CPU
		{EE5E2EBE-4D8B-497F-A114-CD0306B89CB0}.Release|Any CPU.ActiveCfg = Release|Any CPU
		{EE5E2EBE-4D8B-497F-A114-CD0306B89CB0}.Release|Any CPU.Build.0 = Release|Any CPU
	EndGlobalSection
	GlobalSection(SolutionProperties) = preSolution
		HideSolutionNode = FALSE
	EndGlobalSection
	GlobalSection(ExtensibilityGlobals) = postSolution
		SolutionGuid = {48854A24-7372-4882-BFCA-3932C7478959}
	EndGlobalSection
EndGlobal
